
Microsoft Visual Studio Solution File, Format Version 12.00
# Visual Studio Version 16
VisualStudioVersion = 16.0.31005.135
MinimumVisualStudioVersion = 10.0.40219.1
Project("{9A19103F-16F7-4668-BE54-9A1E7A4F7556}") = "DiscordBotBase.Net", "DiscordBotBase.Net.csproj", "{5B70AAC9-EE57-4C26-96B5-27D68F2F60BA}"
EndProject
Global
	GlobalSection(SolutionConfigurationPlatforms) = preSolution
		Debug|Any CPU = Debug|Any CPU
		Release|Any CPU = Release|Any CPU
	EndGlobalSection
	GlobalSection(ProjectConfigurationPlatforms) = postSolution
		{5B70AAC9-EE57-4C26-96B5-27D68F2F60BA}.Debug|Any CPU.ActiveCfg = Debug|Any CPU
		{5B70AAC9-EE57-4C26-96B5-27D68F2F60BA}.Debug|Any CPU.Build.0 = Debug|Any CPU
		{5B70AAC9-EE57-4C26-96B5-27D68F2F60BA}.Release|Any CPU.ActiveCfg = Release|Any CPU
		{5B70AAC9-EE57-4C26-96B5-27D68F2F60BA}.Release|Any CPU.Build.0 = Release|Any CPU
	EndGlobalSection
	GlobalSection(SolutionProperties) = preSolution
		HideSolutionNode = FALSE
	EndGlobalSection
	GlobalSection(ExtensibilityGlobals) = postSolution
		SolutionGuid = {679C3852-2059-4E8D-8E47-9DF2E924E2D7}
	EndGlobalSection
EndGlobal
